
Microsoft Visual Studio Solution File, Format Version 10.00
# Visual Studio 2008
Project("{FAE04EC0-301F-11D3-BF4B-00C04F79EFBC}") = "Churl", "Churl\Churl.csproj", "{EDF4E566-451B-4764-A709-381B4AA7B806}"
EndProject
Global
	GlobalSection(SolutionConfigurationPlatforms) = preSolution
		Debug|Any CPU = Debug|Any CPU
		Release|Any CPU = Release|Any CPU
	EndGlobalSection
	GlobalSection(ProjectConfigurationPlatforms) = postSolution
		{EDF4E566-451B-4764-A709-381B4AA7B806}.Debug|Any CPU.ActiveCfg = Debug|Any CPU
		{EDF4E566-451B-4764-A709-381B4AA7B806}.Debug|Any CPU.Build.0 = Debug|Any CPU
		{EDF4E566-451B-4764-A709-381B4AA7B806}.Release|Any CPU.ActiveCfg = Release|Any CPU
		{EDF4E566-451B-4764-A709-381B4AA7B806}.Release|Any CPU.Build.0 = Release|Any CPU
	EndGlobalSection
	GlobalSection(SolutionProperties) = preSolution
		HideSolutionNode = FALSE
	EndGlobalSection
EndGlobal
